
Microsoft Visual Studio Solution File, Format Version 12.00
# Visual Studio Version 17
VisualStudioVersion = 17.8.34322.80
MinimumVisualStudioVersion = 10.0.40219.1
Project("{9A19103F-16F7-4668-BE54-9A1E7A4F7556}") = "RentFlats", "RentFlats\RentFlats.csproj", "{948C429B-6749-45FC-9E8F-EB224BE99E8A}"
EndProject
Project("{9A19103F-16F7-4668-BE54-9A1E7A4F7556}") = "RentFlats.Domain", "RentFlats.Domain\RentFlats.Domain.csproj", "{FD6177A3-B0EA-4EE9-AB27-5A4F51F88716}"
EndProject
Project("{9A19103F-16F7-4668-BE54-9A1E7A4F7556}") = "RentFlats.Infrastructure", "RentFlats.Infrastructure\RentFlats.Infrastructure.csproj", "{73079B92-80C8-4C09-A234-7E20786A7312}"
EndProject
Project("{9A19103F-16F7-4668-BE54-9A1E7A4F7556}") = "RentFlats.Application", "RentFlats.Application\RentFlats.Application.csproj", "{4FC780AF-7F2D-476B-8326-9ECFCBF28773}"
EndProject
Global
	GlobalSection(SolutionConfigurationPlatforms) = preSolution
		Debug|Any CPU = Debug|Any CPU
		Release|Any CPU = Release|Any CPU
	EndGlobalSection
	GlobalSection(ProjectConfigurationPlatforms) = postSolution
		{948C429B-6749-45FC-9E8F-EB224BE99E8A}.Debug|Any CPU.ActiveCfg = Debug|Any CPU
		{948C429B-6749-45FC-9E8F-EB224BE99E8A}.Debug|Any CPU.Build.0 = Debug|Any CPU
		{948C429B-6749-45FC-9E8F-EB224BE99E8A}.Release|Any CPU.ActiveCfg = Release|Any CPU
		{948C429B-6749-45FC-9E8F-EB224BE99E8A}.Release|Any CPU.Build.0 = Release|Any CPU
		{FD6177A3-B0EA-4EE9-AB27-5A4F51F88716}.Debug|Any CPU.ActiveCfg = Debug|Any CPU
		{FD6177A3-B0EA-4EE9-AB27-5A4F51F88716}.Debug|Any CPU.Build.0 = Debug|Any CPU
		{FD6177A3-B0EA-4EE9-AB27-5A4F51F88716}.Release|Any CPU.ActiveCfg = Release|Any CPU
		{FD6177A3-B0EA-4EE9-AB27-5A4F51F88716}.Release|Any CPU.Build.0 = Release|Any CPU
		{73079B92-80C8-4C09-A234-7E20786A7312}.Debug|Any CPU.ActiveCfg = Debug|Any CPU
		{73079B92-80C8-4C09-A234-7E20786A7312}.Debug|Any CPU.Build.0 = Debug|Any CPU
		{73079B92-80C8-4C09-A234-7E20786A7312}.Release|Any CPU.ActiveCfg = Release|Any CPU
		{73079B92-80C8-4C09-A234-7E20786A7312}.Release|Any CPU.Build.0 = Release|Any CPU
		{4FC780AF-7F2D-476B-8326-9ECFCBF28773}.Debug|Any CPU.ActiveCfg = Debug|Any CPU
		{4FC780AF-7F2D-476B-8326-9ECFCBF28773}.Debug|Any CPU.Build.0 = Debug|Any CPU
		{4FC780AF-7F2D-476B-8326-9ECFCBF28773}.Release|Any CPU.ActiveCfg = Release|Any CPU
		{4FC780AF-7F2D-476B-8326-9ECFCBF28773}.Release|Any CPU.Build.0 = Release|Any CPU
	EndGlobalSection
	GlobalSection(SolutionProperties) = preSolution
		HideSolutionNode = FALSE
	EndGlobalSection
	GlobalSection(ExtensibilityGlobals) = postSolution
		SolutionGuid = {38E43ACD-EC9F-4DFA-841D-05A9C370C8D1}
	EndGlobalSection
EndGlobal
